
Microsoft Visual Studio Solution File, Format Version 12.00
# Visual Studio Version 16
VisualStudioVersion = 16.0.29411.108
MinimumVisualStudioVersion = 10.0.40219.1
Project("{FAE04EC0-301F-11D3-BF4B-00C04F79EFBC}") = "HastaneRandevuSistemi", "HastaneRandevuSistemi\HastaneRandevuSistemi.csproj", "{BDAC7727-F139-4BF7-9049-77958BE891CA}"
EndProject
Global
	GlobalSection(SolutionConfigurationPlatforms) = preSolution
		Debug|Any CPU = Debug|Any CPU
		Release|Any CPU = Release|Any CPU
	EndGlobalSection
	GlobalSection(ProjectConfigurationPlatforms) = postSolution
		{BDAC7727-F139-4BF7-9049-77958BE891CA}.Debug|Any CPU.ActiveCfg = Debug|Any CPU
		{BDAC7727-F139-4BF7-9049-77958BE891CA}.Debug|Any CPU.Build.0 = Debug|Any CPU
		{BDAC7727-F139-4BF7-9049-77958BE891CA}.Release|Any CPU.ActiveCfg = Release|Any CPU
		{BDAC7727-F139-4BF7-9049-77958BE891CA}.Release|Any CPU.Build.0 = Release|Any CPU
	EndGlobalSection
	GlobalSection(SolutionProperties) = preSolution
		HideSolutionNode = FALSE
	EndGlobalSection
	GlobalSection(ExtensibilityGlobals) = postSolution
		SolutionGuid = {3E954A42-0665-4E06-8F72-5E2020425334}
	EndGlobalSection
EndGlobal
